// !$*UTF8*$!
{
	archiveVersion = 1;
	classes = {
	};
	objectVersion = 46;
	objects = {

/* Begin PBXBuildFile section */
		3C0581C218D68BD5003D7C12 /* SupportTableViewController.m in Sources */ = {isa = PBXBuildFile; fileRef = 3C0581C118D68BD5003D7C12 /* SupportTableViewController.m */; };
		3C07633C1902D3E70077773E /* Lesson.m in Sources */ = {isa = PBXBuildFile; fileRef = 3C07633B1902D3E70077773E /* Lesson.m */; };
		3C07633F1902DA1D0077773E /* DownloadAssistant.m in Sources */ = {isa = PBXBuildFile; fileRef = 3C07633E1902DA1D0077773E /* DownloadAssistant.m */; };
		3C2D91F618E6716D00CB23F4 /* ResultsViewController.m in Sources */ = {isa = PBXBuildFile; fileRef = 3C2D91F518E6716D00CB23F4 /* ResultsViewController.m */; };
		3C32D59018E3F62B006CA2DE /* Parse.framework in Frameworks */ = {isa = PBXBuildFile; fileRef = 3C32D58F18E3F62B006CA2DE /* Parse.framework */; };
		3C61DFD918E50AB700B99B2A /* LessonsDataSource.m in Sources */ = {isa = PBXBuildFile; fileRef = 3C61DFD818E50AB700B99B2A /* LessonsDataSource.m */; };
		3C61DFDC18E519F900B99B2A /* SubLessonViewController.m in Sources */ = {isa = PBXBuildFile; fileRef = 3C61DFDB18E519F900B99B2A /* SubLessonViewController.m */; };
		3C8DCB6418D6A83400779B57 /* CurrentUser.m in Sources */ = {isa = PBXBuildFile; fileRef = 3C8DCB6318D6A83400779B57 /* CurrentUser.m */; };
		3C8DCB6618D6B66B00779B57 /* MessageUI.framework in Frameworks */ = {isa = PBXBuildFile; fileRef = 3C8DCB6518D6B66B00779B57 /* MessageUI.framework */; };
		3CBEA47318E88E8E00D78DA0 /* LineNumberTextView.m in Sources */ = {isa = PBXBuildFile; fileRef = 3CBEA47218E88E8E00D78DA0 /* LineNumberTextView.m */; };
		3CBEA47618E88FB200D78DA0 /* LineNumberLayoutManager.m in Sources */ = {isa = PBXBuildFile; fileRef = 3CBEA47518E88FB200D78DA0 /* LineNumberLayoutManager.m */; };
		3CE1F18418D63E2D00DE7B86 /* Foundation.framework in Frameworks */ = {isa = PBXBuildFile; fileRef = 3CE1F18318D63E2D00DE7B86 /* Foundation.framework */; };
		3CE1F18618D63E2D00DE7B86 /* CoreGraphics.framework in Frameworks */ = {isa = PBXBuildFile; fileRef = 3CE1F18518D63E2D00DE7B86 /* CoreGraphics.framework */; };
		3CE1F18818D63E2D00DE7B86 /* UIKit.framework in Frameworks */ = {isa = PBXBuildFile; fileRef = 3CE1F18718D63E2D00DE7B86 /* UIKit.framework */; };
		3CE1F18E18D63E2D00DE7B86 /* InfoPlist.strings in Resources */ = {isa = PBXBuildFile; fileRef = 3CE1F18C18D63E2D00DE7B86 /* InfoPlist.strings */; };
		3CE1F19018D63E2D00DE7B86 /* main.m in Sources */ = {isa = PBXBuildFile; fileRef = 3CE1F18F18D63E2D00DE7B86 /* main.m */; };
		3CE1F19418D63E2D00DE7B86 /* AppDelegate.m in Sources */ = {isa = PBXBuildFile; fileRef = 3CE1F19318D63E2D00DE7B86 /* AppDelegate.m */; };
		3CE1F19718D63E2D00DE7B86 /* Main.storyboard in Resources */ = {isa = PBXBuildFile; fileRef = 3CE1F19518D63E2D00DE7B86 /* Main.storyboard */; };
		3CE1F19A18D63E2D00DE7B86 /* ViewController.m in Sources */ = {isa = PBXBuildFile; fileRef = 3CE1F19918D63E2D00DE7B86 /* ViewController.m */; };
		3CE1F19C18D63E2D00DE7B86 /* Images.xcassets in Resources */ = {isa = PBXBuildFile; fileRef = 3CE1F19B18D63E2D00DE7B86 /* Images.xcassets */; };
		3CE1F1A318D63E2D00DE7B86 /* XCTest.framework in Frameworks */ = {isa = PBXBuildFile; fileRef = 3CE1F1A218D63E2D00DE7B86 /* XCTest.framework */; };
		3CE1F1A418D63E2D00DE7B86 /* Foundation.framework in Frameworks */ = {isa = PBXBuildFile; fileRef = 3CE1F18318D63E2D00DE7B86 /* Foundation.framework */; };
		3CE1F1A518D63E2D00DE7B86 /* UIKit.framework in Frameworks */ = {isa = PBXBuildFile; fileRef = 3CE1F18718D63E2D00DE7B86 /* UIKit.framework */; };
		3CE1F1AD18D63E2D00DE7B86 /* InfoPlist.strings in Resources */ = {isa = PBXBuildFile; fileRef = 3CE1F1AB18D63E2D00DE7B86 /* InfoPlist.strings */; };
		3CE1F1AF18D63E2D00DE7B86 /* CapstoneTests.m in Sources */ = {isa = PBXBuildFile; fileRef = 3CE1F1AE18D63E2D00DE7B86 /* CapstoneTests.m */; };
		3CE1F1BB18D63EB000DE7B86 /* SystemConfiguration.framework in Frameworks */ = {isa = PBXBuildFile; fileRef = 3CE1F1BA18D63EB000DE7B86 /* SystemConfiguration.framework */; };
		3CE1F1BD18D63EB800DE7B86 /* Social.framework in Frameworks */ = {isa = PBXBuildFile; fileRef = 3CE1F1BC18D63EB800DE7B86 /* Social.framework */; };
		3CE1F1BF18D63EBF00DE7B86 /* Security.framework in Frameworks */ = {isa = PBXBuildFile; fileRef = 3CE1F1BE18D63EBF00DE7B86 /* Security.framework */; };
		3CE1F1C118D63EC600DE7B86 /* QuartzCore.framework in Frameworks */ = {isa = PBXBuildFile; fileRef = 3CE1F1C018D63EC600DE7B86 /* QuartzCore.framework */; };
		3CE1F1C318D63ED600DE7B86 /* MobileCoreServices.framework in Frameworks */ = {isa = PBXBuildFile; fileRef = 3CE1F1C218D63ED600DE7B86 /* MobileCoreServices.framework */; };
		3CE1F1C518D63EDF00DE7B86 /* libz.dylib in Frameworks */ = {isa = PBXBuildFile; fileRef = 3CE1F1C418D63EDF00DE7B86 /* libz.dylib */; };
		3CE1F1C718D63EE700DE7B86 /* CFNetwork.framework in Frameworks */ = {isa = PBXBuildFile; fileRef = 3CE1F1C618D63EE700DE7B86 /* CFNetwork.framework */; };
		3CE1F1C918D63EEF00DE7B86 /* AudioToolbox.framework in Frameworks */ = {isa = PBXBuildFile; fileRef = 3CE1F1C818D63EEF00DE7B86 /* AudioToolbox.framework */; };
		3CE1F1CB18D63EF600DE7B86 /* Accounts.framework in Frameworks */ = {isa = PBXBuildFile; fileRef = 3CE1F1CA18D63EF600DE7B86 /* Accounts.framework */; };
		3CE1F1CD18D63EFE00DE7B86 /* CoreLocation.framework in Frameworks */ = {isa = PBXBuildFile; fileRef = 3CE1F1CC18D63EFE00DE7B86 /* CoreLocation.framework */; };
		3CE1F1D018D6402700DE7B86 /* LoginViewController.m in Sources */ = {isa = PBXBuildFile; fileRef = 3CE1F1CF18D6402700DE7B86 /* LoginViewController.m */; };
		3CE1F1D418D65BED00DE7B86 /* SettingsTableViewController.m in Sources */ = {isa = PBXBuildFile; fileRef = 3CE1F1D318D65BED00DE7B86 /* SettingsTableViewController.m */; };
		3CEF4EFF18E4A9E1006A1E8F /* StudentViewController.m in Sources */ = {isa = PBXBuildFile; fileRef = 3CEF4EFE18E4A9E1006A1E8F /* StudentViewController.m */; };
		3CF0A21D18E5F3E600C633EE /* TextEditorViewController.m in Sources */ = {isa = PBXBuildFile; fileRef = 3CF0A21C18E5F3E600C633EE /* TextEditorViewController.m */; };
		3CF0A22018E611D600C633EE /* QuizzesDataSource.m in Sources */ = {isa = PBXBuildFile; fileRef = 3CF0A21F18E611D600C633EE /* QuizzesDataSource.m */; };
		52A7594319007AB400784169 /* CYRLayoutManager.m in Sources */ = {isa = PBXBuildFile; fileRef = 52A7593C19007AB400784169 /* CYRLayoutManager.m */; };
		52A7594419007AB400784169 /* CYRTextStorage.m in Sources */ = {isa = PBXBuildFile; fileRef = 52A7593E19007AB400784169 /* CYRTextStorage.m */; };
		52A7594519007AB400784169 /* CYRTextView.m in Sources */ = {isa = PBXBuildFile; fileRef = 52A7594019007AB400784169 /* CYRTextView.m */; };
		52A7594619007AB400784169 /* CYRToken.m in Sources */ = {isa = PBXBuildFile; fileRef = 52A7594219007AB400784169 /* CYRToken.m */; };
		52B4FBB118EA79F5000FD5B3 /* FreeTextViewController.m in Sources */ = {isa = PBXBuildFile; fileRef = 52B4FBB018EA79F5000FD5B3 /* FreeTextViewController.m */; };
		52E4FF4F18F475E300A45F57 /* free_code.js in Sources */ = {isa = PBXBuildFile; fileRef = 52E4FF4E18F475E300A45F57 /* free_code.js */; };
/* End PBXBuildFile section */

/* Begin PBXContainerItemProxy section */
		3CE1F1A618D63E2D00DE7B86 /* PBXContainerItemProxy */ = {
			isa = PBXContainerItemProxy;
			containerPortal = 3CE1F17818D63E2D00DE7B86 /* Project object */;
			proxyType = 1;
			remoteGlobalIDString = 3CE1F17F18D63E2D00DE7B86;
			remoteInfo = Capstone;
		};
/* End PBXContainerItemProxy section */

/* Begin PBXFileReference section */
		3C0581C018D68BD5003D7C12 /* SupportTableViewController.h */ = {isa = PBXFileReference; fileEncoding = 4; lastKnownFileType = sourcecode.c.h; path = SupportTableViewController.h; sourceTree = "<group>"; };
		3C0581C118D68BD5003D7C12 /* SupportTableViewController.m */ = {isa = PBXFileReference; fileEncoding = 4; lastKnownFileType = sourcecode.c.objc; path = SupportTableViewController.m; sourceTree = "<group>"; };
		3C07633A1902D3E70077773E /* Lesson.h */ = {isa = PBXFileReference; fileEncoding = 4; lastKnownFileType = sourcecode.c.h; path = Lesson.h; sourceTree = "<group>"; };
		3C07633B1902D3E70077773E /* Lesson.m */ = {isa = PBXFileReference; fileEncoding = 4; lastKnownFileType = sourcecode.c.objc; path = Lesson.m; sourceTree = "<group>"; };
		3C07633D1902DA1D0077773E /* DownloadAssistant.h */ = {isa = PBXFileReference; fileEncoding = 4; lastKnownFileType = sourcecode.c.h; path = DownloadAssistant.h; sourceTree = "<group>"; };
		3C07633E1902DA1D0077773E /* DownloadAssistant.m */ = {isa = PBXFileReference; fileEncoding = 4; lastKnownFileType = sourcecode.c.objc; path = DownloadAssistant.m; sourceTree = "<group>"; };
		3C2D91F418E6716D00CB23F4 /* ResultsViewController.h */ = {isa = PBXFileReference; fileEncoding = 4; lastKnownFileType = sourcecode.c.h; path = ResultsViewController.h; sourceTree = "<group>"; };
		3C2D91F518E6716D00CB23F4 /* ResultsViewController.m */ = {isa = PBXFileReference; fileEncoding = 4; lastKnownFileType = sourcecode.c.objc; path = ResultsViewController.m; sourceTree = "<group>"; };
		3C32D58F18E3F62B006CA2DE /* Parse.framework */ = {isa = PBXFileReference; lastKnownFileType = wrapper.framework; path = Parse.framework; sourceTree = "<group>"; };
		3C61DFD718E50AB700B99B2A /* LessonsDataSource.h */ = {isa = PBXFileReference; fileEncoding = 4; lastKnownFileType = sourcecode.c.h; path = LessonsDataSource.h; sourceTree = "<group>"; };
		3C61DFD818E50AB700B99B2A /* LessonsDataSource.m */ = {isa = PBXFileReference; fileEncoding = 4; lastKnownFileType = sourcecode.c.objc; path = LessonsDataSource.m; sourceTree = "<group>"; };
		3C61DFDA18E519F900B99B2A /* SubLessonViewController.h */ = {isa = PBXFileReference; fileEncoding = 4; lastKnownFileType = sourcecode.c.h; path = SubLessonViewController.h; sourceTree = "<group>"; };
		3C61DFDB18E519F900B99B2A /* SubLessonViewController.m */ = {isa = PBXFileReference; fileEncoding = 4; lastKnownFileType = sourcecode.c.objc; path = SubLessonViewController.m; sourceTree = "<group>"; };
		3C8DCB6218D6A83400779B57 /* CurrentUser.h */ = {isa = PBXFileReference; fileEncoding = 4; lastKnownFileType = sourcecode.c.h; path = CurrentUser.h; sourceTree = "<group>"; };
		3C8DCB6318D6A83400779B57 /* CurrentUser.m */ = {isa = PBXFileReference; fileEncoding = 4; lastKnownFileType = sourcecode.c.objc; path = CurrentUser.m; sourceTree = "<group>"; };
		3C8DCB6518D6B66B00779B57 /* MessageUI.framework */ = {isa = PBXFileReference; lastKnownFileType = wrapper.framework; name = MessageUI.framework; path = System/Library/Frameworks/MessageUI.framework; sourceTree = SDKROOT; };
		3CBEA47118E88E8E00D78DA0 /* LineNumberTextView.h */ = {isa = PBXFileReference; fileEncoding = 4; lastKnownFileType = sourcecode.c.h; path = LineNumberTextView.h; sourceTree = "<group>"; };
		3CBEA47218E88E8E00D78DA0 /* LineNumberTextView.m */ = {isa = PBXFileReference; fileEncoding = 4; lastKnownFileType = sourcecode.c.objc; path = LineNumberTextView.m; sourceTree = "<group>"; };
		3CBEA47418E88FB100D78DA0 /* LineNumberLayoutManager.h */ = {isa = PBXFileReference; fileEncoding = 4; lastKnownFileType = sourcecode.c.h; path = LineNumberLayoutManager.h; sourceTree = "<group>"; };
		3CBEA47518E88FB200D78DA0 /* LineNumberLayoutManager.m */ = {isa = PBXFileReference; fileEncoding = 4; lastKnownFileType = sourcecode.c.objc; path = LineNumberLayoutManager.m; sourceTree = "<group>"; };
		3CE1F18018D63E2D00DE7B86 /* Capstone.app */ = {isa = PBXFileReference; explicitFileType = wrapper.application; includeInIndex = 0; path = Capstone.app; sourceTree = BUILT_PRODUCTS_DIR; };
		3CE1F18318D63E2D00DE7B86 /* Foundation.framework */ = {isa = PBXFileReference; lastKnownFileType = wrapper.framework; name = Foundation.framework; path = System/Library/Frameworks/Foundation.framework; sourceTree = SDKROOT; };
		3CE1F18518D63E2D00DE7B86 /* CoreGraphics.framework */ = {isa = PBXFileReference; lastKnownFileType = wrapper.framework; name = CoreGraphics.framework; path = System/Library/Frameworks/CoreGraphics.framework; sourceTree = SDKROOT; };
		3CE1F18718D63E2D00DE7B86 /* UIKit.framework */ = {isa = PBXFileReference; lastKnownFileType = wrapper.framework; name = UIKit.framework; path = System/Library/Frameworks/UIKit.framework; sourceTree = SDKROOT; };
		3CE1F18B18D63E2D00DE7B86 /* Capstone-Info.plist */ = {isa = PBXFileReference; lastKnownFileType = text.plist.xml; path = "Capstone-Info.plist"; sourceTree = "<group>"; };
		3CE1F18D18D63E2D00DE7B86 /* en */ = {isa = PBXFileReference; lastKnownFileType = text.plist.strings; name = en; path = en.lproj/InfoPlist.strings; sourceTree = "<group>"; };
		3CE1F18F18D63E2D00DE7B86 /* main.m */ = {isa = PBXFileReference; lastKnownFileType = sourcecode.c.objc; path = main.m; sourceTree = "<group>"; };
		3CE1F19118D63E2D00DE7B86 /* Capstone-Prefix.pch */ = {isa = PBXFileReference; lastKnownFileType = sourcecode.c.h; path = "Capstone-Prefix.pch"; sourceTree = "<group>"; };
		3CE1F19218D63E2D00DE7B86 /* AppDelegate.h */ = {isa = PBXFileReference; lastKnownFileType = sourcecode.c.h; path = AppDelegate.h; sourceTree = "<group>"; };
		3CE1F19318D63E2D00DE7B86 /* AppDelegate.m */ = {isa = PBXFileReference; lastKnownFileType = sourcecode.c.objc; path = AppDelegate.m; sourceTree = "<group>"; };
		3CE1F19618D63E2D00DE7B86 /* Base */ = {isa = PBXFileReference; lastKnownFileType = file.storyboard; name = Base; path = Base.lproj/Main.storyboard; sourceTree = "<group>"; };
		3CE1F19818D63E2D00DE7B86 /* ViewController.h */ = {isa = PBXFileReference; lastKnownFileType = sourcecode.c.h; path = ViewController.h; sourceTree = "<group>"; };
		3CE1F19918D63E2D00DE7B86 /* ViewController.m */ = {isa = PBXFileReference; lastKnownFileType = sourcecode.c.objc; path = ViewController.m; sourceTree = "<group>"; };
		3CE1F19B18D63E2D00DE7B86 /* Images.xcassets */ = {isa = PBXFileReference; lastKnownFileType = folder.assetcatalog; path = Images.xcassets; sourceTree = "<group>"; };
		3CE1F1A118D63E2D00DE7B86 /* CapstoneTests.xctest */ = {isa = PBXFileReference; explicitFileType = wrapper.cfbundle; includeInIndex = 0; path = CapstoneTests.xctest; sourceTree = BUILT_PRODUCTS_DIR; };
		3CE1F1A218D63E2D00DE7B86 /* XCTest.framework */ = {isa = PBXFileReference; lastKnownFileType = wrapper.framework; name = XCTest.framework; path = Library/Frameworks/XCTest.framework; sourceTree = DEVELOPER_DIR; };
		3CE1F1AA18D63E2D00DE7B86 /* CapstoneTests-Info.plist */ = {isa = PBXFileReference; lastKnownFileType = text.plist.xml; path = "CapstoneTests-Info.plist"; sourceTree = "<group>"; };
		3CE1F1AC18D63E2D00DE7B86 /* en */ = {isa = PBXFileReference; lastKnownFileType = text.plist.strings; name = en; path = en.lproj/InfoPlist.strings; sourceTree = "<group>"; };
		3CE1F1AE18D63E2D00DE7B86 /* CapstoneTests.m */ = {isa = PBXFileReference; lastKnownFileType = sourcecode.c.objc; path = CapstoneTests.m; sourceTree = "<group>"; };
		3CE1F1B818D63E9700DE7B86 /* Parse.framework */ = {isa = PBXFileReference; lastKnownFileType = wrapper.framework; path = Parse.framework; sourceTree = "<group>"; };
		3CE1F1BA18D63EB000DE7B86 /* SystemConfiguration.framework */ = {isa = PBXFileReference; lastKnownFileType = wrapper.framework; name = SystemConfiguration.framework; path = System/Library/Frameworks/SystemConfiguration.framework; sourceTree = SDKROOT; };
		3CE1F1BC18D63EB800DE7B86 /* Social.framework */ = {isa = PBXFileReference; lastKnownFileType = wrapper.framework; name = Social.framework; path = System/Library/Frameworks/Social.framework; sourceTree = SDKROOT; };
		3CE1F1BE18D63EBF00DE7B86 /* Security.framework */ = {isa = PBXFileReference; lastKnownFileType = wrapper.framework; name = Security.framework; path = System/Library/Frameworks/Security.framework; sourceTree = SDKROOT; };
		3CE1F1C018D63EC600DE7B86 /* QuartzCore.framework */ = {isa = PBXFileReference; lastKnownFileType = wrapper.framework; name = QuartzCore.framework; path = System/Library/Frameworks/QuartzCore.framework; sourceTree = SDKROOT; };
		3CE1F1C218D63ED600DE7B86 /* MobileCoreServices.framework */ = {isa = PBXFileReference; lastKnownFileType = wrapper.framework; name = MobileCoreServices.framework; path = System/Library/Frameworks/MobileCoreServices.framework; sourceTree = SDKROOT; };
		3CE1F1C418D63EDF00DE7B86 /* libz.dylib */ = {isa = PBXFileReference; lastKnownFileType = "compiled.mach-o.dylib"; name = libz.dylib; path = usr/lib/libz.dylib; sourceTree = SDKROOT; };
		3CE1F1C618D63EE700DE7B86 /* CFNetwork.framework */ = {isa = PBXFileReference; lastKnownFileType = wrapper.framework; name = CFNetwork.framework; path = System/Library/Frameworks/CFNetwork.framework; sourceTree = SDKROOT; };
		3CE1F1C818D63EEF00DE7B86 /* AudioToolbox.framework */ = {isa = PBXFileReference; lastKnownFileType = wrapper.framework; name = AudioToolbox.framework; path = System/Library/Frameworks/AudioToolbox.framework; sourceTree = SDKROOT; };
		3CE1F1CA18D63EF600DE7B86 /* Accounts.framework */ = {isa = PBXFileReference; lastKnownFileType = wrapper.framework; name = Accounts.framework; path = System/Library/Frameworks/Accounts.framework; sourceTree = SDKROOT; };
		3CE1F1CC18D63EFE00DE7B86 /* CoreLocation.framework */ = {isa = PBXFileReference; lastKnownFileType = wrapper.framework; name = CoreLocation.framework; path = System/Library/Frameworks/CoreLocation.framework; sourceTree = SDKROOT; };
		3CE1F1CE18D6402700DE7B86 /* LoginViewController.h */ = {isa = PBXFileReference; fileEncoding = 4; lastKnownFileType = sourcecode.c.h; path = LoginViewController.h; sourceTree = "<group>"; };
		3CE1F1CF18D6402700DE7B86 /* LoginViewController.m */ = {isa = PBXFileReference; fileEncoding = 4; lastKnownFileType = sourcecode.c.objc; path = LoginViewController.m; sourceTree = "<group>"; };
		3CE1F1D218D65BED00DE7B86 /* SettingsTableViewController.h */ = {isa = PBXFileReference; fileEncoding = 4; lastKnownFileType = sourcecode.c.h; path = SettingsTableViewController.h; sourceTree = "<group>"; };
		3CE1F1D318D65BED00DE7B86 /* SettingsTableViewController.m */ = {isa = PBXFileReference; fileEncoding = 4; lastKnownFileType = sourcecode.c.objc; path = SettingsTableViewController.m; sourceTree = "<group>"; };
		3CEF4EFD18E4A9E1006A1E8F /* StudentViewController.h */ = {isa = PBXFileReference; fileEncoding = 4; lastKnownFileType = sourcecode.c.h; path = StudentViewController.h; sourceTree = "<group>"; };
		3CEF4EFE18E4A9E1006A1E8F /* StudentViewController.m */ = {isa = PBXFileReference; fileEncoding = 4; lastKnownFileType = sourcecode.c.objc; path = StudentViewController.m; sourceTree = "<group>"; };
		3CF0A21B18E5F3E600C633EE /* TextEditorViewController.h */ = {isa = PBXFileReference; fileEncoding = 4; lastKnownFileType = sourcecode.c.h; path = TextEditorViewController.h; sourceTree = "<group>"; };
		3CF0A21C18E5F3E600C633EE /* TextEditorViewController.m */ = {isa = PBXFileReference; fileEncoding = 4; lastKnownFileType = sourcecode.c.objc; path = TextEditorViewController.m; sourceTree = "<group>"; };
		3CF0A21E18E611D600C633EE /* QuizzesDataSource.h */ = {isa = PBXFileReference; fileEncoding = 4; lastKnownFileType = sourcecode.c.h; path = QuizzesDataSource.h; sourceTree = "<group>"; };
		3CF0A21F18E611D600C633EE /* QuizzesDataSource.m */ = {isa = PBXFileReference; fileEncoding = 4; lastKnownFileType = sourcecode.c.objc; path = QuizzesDataSource.m; sourceTree = "<group>"; };
		52A7593B19007AB400784169 /* CYRLayoutManager.h */ = {isa = PBXFileReference; fileEncoding = 4; lastKnownFileType = sourcecode.c.h; path = CYRLayoutManager.h; sourceTree = "<group>"; };
		52A7593C19007AB400784169 /* CYRLayoutManager.m */ = {isa = PBXFileReference; fileEncoding = 4; lastKnownFileType = sourcecode.c.objc; path = CYRLayoutManager.m; sourceTree = "<group>"; };
		52A7593D19007AB400784169 /* CYRTextStorage.h */ = {isa = PBXFileReference; fileEncoding = 4; lastKnownFileType = sourcecode.c.h; path = CYRTextStorage.h; sourceTree = "<group>"; };
		52A7593E19007AB400784169 /* CYRTextStorage.m */ = {isa = PBXFileReference; fileEncoding = 4; lastKnownFileType = sourcecode.c.objc; path = CYRTextStorage.m; sourceTree = "<group>"; };
		52A7593F19007AB400784169 /* CYRTextView.h */ = {isa = PBXFileReference; fileEncoding = 4; lastKnownFileType = sourcecode.c.h; path = CYRTextView.h; sourceTree = "<group>"; };
		52A7594019007AB400784169 /* CYRTextView.m */ = {isa = PBXFileReference; fileEncoding = 4; lastKnownFileType = sourcecode.c.objc; path = CYRTextView.m; sourceTree = "<group>"; };
		52A7594119007AB400784169 /* CYRToken.h */ = {isa = PBXFileReference; fileEncoding = 4; lastKnownFileType = sourcecode.c.h; path = CYRToken.h; sourceTree = "<group>"; };
		52A7594219007AB400784169 /* CYRToken.m */ = {isa = PBXFileReference; fileEncoding = 4; lastKnownFileType = sourcecode.c.objc; path = CYRToken.m; sourceTree = "<group>"; };
		52B4FBAF18EA79F5000FD5B3 /* FreeTextViewController.h */ = {isa = PBXFileReference; fileEncoding = 4; lastKnownFileType = sourcecode.c.h; path = FreeTextViewController.h; sourceTree = "<group>"; };
		52B4FBB018EA79F5000FD5B3 /* FreeTextViewController.m */ = {isa = PBXFileReference; fileEncoding = 4; lastKnownFileType = sourcecode.c.objc; path = FreeTextViewController.m; sourceTree = "<group>"; };
		52E4FF4E18F475E300A45F57 /* free_code.js */ = {isa = PBXFileReference; fileEncoding = 4; lastKnownFileType = sourcecode.javascript; path = free_code.js; sourceTree = "<group>"; };
/* End PBXFileReference section */

/* Begin PBXFrameworksBuildPhase section */
		3CE1F17D18D63E2D00DE7B86 /* Frameworks */ = {
			isa = PBXFrameworksBuildPhase;
			buildActionMask = 2147483647;
			files = (
				3C8DCB6618D6B66B00779B57 /* MessageUI.framework in Frameworks */,
				3CE1F18418D63E2D00DE7B86 /* Foundation.framework in Frameworks */,
				3CE1F1CD18D63EFE00DE7B86 /* CoreLocation.framework in Frameworks */,
				3CE1F1CB18D63EF600DE7B86 /* Accounts.framework in Frameworks */,
				3C32D59018E3F62B006CA2DE /* Parse.framework in Frameworks */,
				3CE1F1C918D63EEF00DE7B86 /* AudioToolbox.framework in Frameworks */,
				3CE1F1C718D63EE700DE7B86 /* CFNetwork.framework in Frameworks */,
				3CE1F1C518D63EDF00DE7B86 /* libz.dylib in Frameworks */,
				3CE1F1C318D63ED600DE7B86 /* MobileCoreServices.framework in Frameworks */,
				3CE1F1C118D63EC600DE7B86 /* QuartzCore.framework in Frameworks */,
				3CE1F1BF18D63EBF00DE7B86 /* Security.framework in Frameworks */,
				3CE1F1BD18D63EB800DE7B86 /* Social.framework in Frameworks */,
				3CE1F1BB18D63EB000DE7B86 /* SystemConfiguration.framework in Frameworks */,
				3CE1F18618D63E2D00DE7B86 /* CoreGraphics.framework in Frameworks */,
				3CE1F18818D63E2D00DE7B86 /* UIKit.framework in Frameworks */,
			);
			runOnlyForDeploymentPostprocessing = 0;
		};
		3CE1F19E18D63E2D00DE7B86 /* Frameworks */ = {
			isa = PBXFrameworksBuildPhase;
			buildActionMask = 2147483647;
			files = (
				3CE1F1A318D63E2D00DE7B86 /* XCTest.framework in Frameworks */,
				3CE1F1A518D63E2D00DE7B86 /* UIKit.framework in Frameworks */,
				3CE1F1A418D63E2D00DE7B86 /* Foundation.framework in Frameworks */,
			);
			runOnlyForDeploymentPostprocessing = 0;
		};
/* End PBXFrameworksBuildPhase section */

/* Begin PBXGroup section */
		3C0581BF18D68BBE003D7C12 /* Support */ = {
			isa = PBXGroup;
			children = (
				3C0581C018D68BD5003D7C12 /* SupportTableViewController.h */,
				3C0581C118D68BD5003D7C12 /* SupportTableViewController.m */,
			);
			name = Support;
			sourceTree = "<group>";
		};
		3C0581C318D68F0A003D7C12 /* DataSource */ = {
			isa = PBXGroup;
			children = (
				3C07633D1902DA1D0077773E /* DownloadAssistant.h */,
				3C07633E1902DA1D0077773E /* DownloadAssistant.m */,
				3C2D91F818E673D900CB23F4 /* User Data */,
				3C2D91F918E673DF00CB23F4 /* Lesson Data */,
				3C2D91FA18E673F400CB23F4 /* Quiz Data */,
			);
			name = DataSource;
			sourceTree = "<group>";
		};
		3C2D91F718E6739B00CB23F4 /* Text Editor VC's */ = {
			isa = PBXGroup;
			children = (
				3CF0A21B18E5F3E600C633EE /* TextEditorViewController.h */,
				3CF0A21C18E5F3E600C633EE /* TextEditorViewController.m */,
				3C2D91F418E6716D00CB23F4 /* ResultsViewController.h */,
				3C2D91F518E6716D00CB23F4 /* ResultsViewController.m */,
				3CBEA47018E88E3000D78DA0 /* LineNumber TextView */,
			);
			name = "Text Editor VC's";
			sourceTree = "<group>";
		};
		3C2D91F818E673D900CB23F4 /* User Data */ = {
			isa = PBXGroup;
			children = (
				3C8DCB6218D6A83400779B57 /* CurrentUser.h */,
				3C8DCB6318D6A83400779B57 /* CurrentUser.m */,
			);
			name = "User Data";
			sourceTree = "<group>";
		};
		3C2D91F918E673DF00CB23F4 /* Lesson Data */ = {
			isa = PBXGroup;
			children = (
				3C07633A1902D3E70077773E /* Lesson.h */,
				3C07633B1902D3E70077773E /* Lesson.m */,
				3C61DFD718E50AB700B99B2A /* LessonsDataSource.h */,
				3C61DFD818E50AB700B99B2A /* LessonsDataSource.m */,
			);
			name = "Lesson Data";
			sourceTree = "<group>";
		};
		3C2D91FA18E673F400CB23F4 /* Quiz Data */ = {
			isa = PBXGroup;
			children = (
				3CF0A21E18E611D600C633EE /* QuizzesDataSource.h */,
				3CF0A21F18E611D600C633EE /* QuizzesDataSource.m */,
			);
			name = "Quiz Data";
			sourceTree = "<group>";
		};
		3C2D91FB18E6741D00CB23F4 /* Student VC's */ = {
			isa = PBXGroup;
			children = (
				3CEF4EFD18E4A9E1006A1E8F /* StudentViewController.h */,
				3CEF4EFE18E4A9E1006A1E8F /* StudentViewController.m */,
			);
			name = "Student VC's";
			sourceTree = "<group>";
		};
		3C2D91FC18E6743000CB23F4 /* Sub Lesson VC's */ = {
			isa = PBXGroup;
			children = (
				3C61DFDA18E519F900B99B2A /* SubLessonViewController.h */,
				3C61DFDB18E519F900B99B2A /* SubLessonViewController.m */,
			);
			name = "Sub Lesson VC's";
			sourceTree = "<group>";
		};
		3C4596C418D758AD006E63BD /* Login */ = {
			isa = PBXGroup;
			children = (
				3CE1F1CE18D6402700DE7B86 /* LoginViewController.h */,
				3CE1F1CF18D6402700DE7B86 /* LoginViewController.m */,
			);
			name = Login;
			sourceTree = "<group>";
		};
		3C4596C518D79197006E63BD /* Views */ = {
			isa = PBXGroup;
			children = (
				3C2D91FB18E6741D00CB23F4 /* Student VC's */,
				52B4FBAE18EA798D000FD5B3 /* Free Code Editor VC's */,
				3C2D91FC18E6743000CB23F4 /* Sub Lesson VC's */,
				3C2D91F718E6739B00CB23F4 /* Text Editor VC's */,
			);
			name = Views;
			sourceTree = "<group>";
		};
		3CBEA47018E88E3000D78DA0 /* LineNumber TextView */ = {
			isa = PBXGroup;
			children = (
				3CBEA47118E88E8E00D78DA0 /* LineNumberTextView.h */,
				3CBEA47218E88E8E00D78DA0 /* LineNumberTextView.m */,
				3CBEA47418E88FB100D78DA0 /* LineNumberLayoutManager.h */,
				3CBEA47518E88FB200D78DA0 /* LineNumberLayoutManager.m */,
			);
			name = "LineNumber TextView";
			sourceTree = "<group>";
		};
		3CE1F17718D63E2D00DE7B86 = {
			isa = PBXGroup;
			children = (
				3CE1F18918D63E2D00DE7B86 /* Capstone */,
				3CE1F1A818D63E2D00DE7B86 /* CapstoneTests */,
				3CE1F18218D63E2D00DE7B86 /* Frameworks */,
				3CE1F18118D63E2D00DE7B86 /* Products */,
			);
			sourceTree = "<group>";
		};
		3CE1F18118D63E2D00DE7B86 /* Products */ = {
			isa = PBXGroup;
			children = (
				3CE1F18018D63E2D00DE7B86 /* Capstone.app */,
				3CE1F1A118D63E2D00DE7B86 /* CapstoneTests.xctest */,
			);
			name = Products;
			sourceTree = "<group>";
		};
		3CE1F18218D63E2D00DE7B86 /* Frameworks */ = {
			isa = PBXGroup;
			children = (
				3C32D58F18E3F62B006CA2DE /* Parse.framework */,
				3C8DCB6518D6B66B00779B57 /* MessageUI.framework */,
				3CE1F1CC18D63EFE00DE7B86 /* CoreLocation.framework */,
				3CE1F1CA18D63EF600DE7B86 /* Accounts.framework */,
				3CE1F1C818D63EEF00DE7B86 /* AudioToolbox.framework */,
				3CE1F1C618D63EE700DE7B86 /* CFNetwork.framework */,
				3CE1F1C418D63EDF00DE7B86 /* libz.dylib */,
				3CE1F1C218D63ED600DE7B86 /* MobileCoreServices.framework */,
				3CE1F1C018D63EC600DE7B86 /* QuartzCore.framework */,
				3CE1F1BE18D63EBF00DE7B86 /* Security.framework */,
				3CE1F1BC18D63EB800DE7B86 /* Social.framework */,
				3CE1F1BA18D63EB000DE7B86 /* SystemConfiguration.framework */,
				3CE1F1B818D63E9700DE7B86 /* Parse.framework */,
				3CE1F18318D63E2D00DE7B86 /* Foundation.framework */,
				3CE1F18518D63E2D00DE7B86 /* CoreGraphics.framework */,
				3CE1F18718D63E2D00DE7B86 /* UIKit.framework */,
				3CE1F1A218D63E2D00DE7B86 /* XCTest.framework */,
			);
			name = Frameworks;
			sourceTree = "<group>";
		};
		3CE1F18918D63E2D00DE7B86 /* Capstone */ = {
			isa = PBXGroup;
			children = (
				3CE1F19218D63E2D00DE7B86 /* AppDelegate.h */,
				3CE1F19318D63E2D00DE7B86 /* AppDelegate.m */,
				3CE1F19518D63E2D00DE7B86 /* Main.storyboard */,
				3CE1F19818D63E2D00DE7B86 /* ViewController.h */,
				3CE1F19918D63E2D00DE7B86 /* ViewController.m */,
				3C4596C418D758AD006E63BD /* Login */,
				3C4596C518D79197006E63BD /* Views */,
				52E4FF4D18F475AF00A45F57 /* JavaScript Files */,
				3C0581C318D68F0A003D7C12 /* DataSource */,
				3CE1F1D118D65BCE00DE7B86 /* Settings */,
				3CE1F19B18D63E2D00DE7B86 /* Images.xcassets */,
				3CE1F18A18D63E2D00DE7B86 /* Supporting Files */,
			);
			path = Capstone;
			sourceTree = "<group>";
		};
		3CE1F18A18D63E2D00DE7B86 /* Supporting Files */ = {
			isa = PBXGroup;
			children = (
				52A7593A19007AB400784169 /* CYRTextView */,
				3CE1F18B18D63E2D00DE7B86 /* Capstone-Info.plist */,
				3CE1F18C18D63E2D00DE7B86 /* InfoPlist.strings */,
				3CE1F18F18D63E2D00DE7B86 /* main.m */,
				3CE1F19118D63E2D00DE7B86 /* Capstone-Prefix.pch */,
			);
			name = "Supporting Files";
			sourceTree = "<group>";
		};
		3CE1F1A818D63E2D00DE7B86 /* CapstoneTests */ = {
			isa = PBXGroup;
			children = (
				3CE1F1AE18D63E2D00DE7B86 /* CapstoneTests.m */,
				3CE1F1A918D63E2D00DE7B86 /* Supporting Files */,
			);
			path = CapstoneTests;
			sourceTree = "<group>";
		};
		3CE1F1A918D63E2D00DE7B86 /* Supporting Files */ = {
			isa = PBXGroup;
			children = (
				3CE1F1AA18D63E2D00DE7B86 /* CapstoneTests-Info.plist */,
				3CE1F1AB18D63E2D00DE7B86 /* InfoPlist.strings */,
			);
			name = "Supporting Files";
			sourceTree = "<group>";
		};
		3CE1F1D118D65BCE00DE7B86 /* Settings */ = {
			isa = PBXGroup;
			children = (
				3CE1F1D218D65BED00DE7B86 /* SettingsTableViewController.h */,
				3CE1F1D318D65BED00DE7B86 /* SettingsTableViewController.m */,
				3C0581BF18D68BBE003D7C12 /* Support */,
			);
			name = Settings;
			sourceTree = "<group>";
		};
		52A7593A19007AB400784169 /* CYRTextView */ = {
			isa = PBXGroup;
			children = (
				52A7593B19007AB400784169 /* CYRLayoutManager.h */,
				52A7593C19007AB400784169 /* CYRLayoutManager.m */,
				52A7593D19007AB400784169 /* CYRTextStorage.h */,
				52A7593E19007AB400784169 /* CYRTextStorage.m */,
				52A7593F19007AB400784169 /* CYRTextView.h */,
				52A7594019007AB400784169 /* CYRTextView.m */,
				52A7594119007AB400784169 /* CYRToken.h */,
				52A7594219007AB400784169 /* CYRToken.m */,
			);
			path = CYRTextView;
			sourceTree = "<group>";
		};
		52B4FBAE18EA798D000FD5B3 /* Free Code Editor VC's */ = {
			isa = PBXGroup;
			children = (
				52B4FBAF18EA79F5000FD5B3 /* FreeTextViewController.h */,
				52B4FBB018EA79F5000FD5B3 /* FreeTextViewController.m */,
			);
			name = "Free Code Editor VC's";
			sourceTree = "<group>";
		};
		52E4FF4D18F475AF00A45F57 /* JavaScript Files */ = {
			isa = PBXGroup;
			children = (
				52E4FF4E18F475E300A45F57 /* free_code.js */,
			);
			name = "JavaScript Files";
			sourceTree = "<group>";
		};
/* End PBXGroup section */

/* Begin PBXNativeTarget section */
		3CE1F17F18D63E2D00DE7B86 /* Capstone */ = {
			isa = PBXNativeTarget;
			buildConfigurationList = 3CE1F1B218D63E2D00DE7B86 /* Build configuration list for PBXNativeTarget "Capstone" */;
			buildPhases = (
				3CE1F17C18D63E2D00DE7B86 /* Sources */,
				3CE1F17D18D63E2D00DE7B86 /* Frameworks */,
				3CE1F17E18D63E2D00DE7B86 /* Resources */,
			);
			buildRules = (
			);
			dependencies = (
			);
			name = Capstone;
			productName = Capstone;
			productReference = 3CE1F18018D63E2D00DE7B86 /* Capstone.app */;
			productType = "com.apple.product-type.application";
		};
		3CE1F1A018D63E2D00DE7B86 /* CapstoneTests */ = {
			isa = PBXNativeTarget;
			buildConfigurationList = 3CE1F1B518D63E2D00DE7B86 /* Build configuration list for PBXNativeTarget "CapstoneTests" */;
			buildPhases = (
				3CE1F19D18D63E2D00DE7B86 /* Sources */,
				3CE1F19E18D63E2D00DE7B86 /* Frameworks */,
				3CE1F19F18D63E2D00DE7B86 /* Resources */,
			);
			buildRules = (
			);
			dependencies = (
				3CE1F1A718D63E2D00DE7B86 /* PBXTargetDependency */,
			);
			name = CapstoneTests;
			productName = CapstoneTests;
			productReference = 3CE1F1A118D63E2D00DE7B86 /* CapstoneTests.xctest */;
			productType = "com.apple.product-type.bundle.unit-test";
		};
/* End PBXNativeTarget section */

/* Begin PBXProject section */
		3CE1F17818D63E2D00DE7B86 /* Project object */ = {
			isa = PBXProject;
			attributes = {
				LastUpgradeCheck = 0510;
				ORGANIZATIONNAME = "Blue Owl Labs";
				TargetAttributes = {
					3CE1F1A018D63E2D00DE7B86 = {
						TestTargetID = 3CE1F17F18D63E2D00DE7B86;
					};
				};
			};
			buildConfigurationList = 3CE1F17B18D63E2D00DE7B86 /* Build configuration list for PBXProject "Capstone" */;
			compatibilityVersion = "Xcode 3.2";
			developmentRegion = English;
			hasScannedForEncodings = 0;
			knownRegions = (
				en,
				Base,
			);
			mainGroup = 3CE1F17718D63E2D00DE7B86;
			productRefGroup = 3CE1F18118D63E2D00DE7B86 /* Products */;
			projectDirPath = "";
			projectRoot = "";
			targets = (
				3CE1F17F18D63E2D00DE7B86 /* Capstone */,
				3CE1F1A018D63E2D00DE7B86 /* CapstoneTests */,
			);
		};
/* End PBXProject section */

/* Begin PBXResourcesBuildPhase section */
		3CE1F17E18D63E2D00DE7B86 /* Resources */ = {
			isa = PBXResourcesBuildPhase;
			buildActionMask = 2147483647;
			files = (
				3CE1F19C18D63E2D00DE7B86 /* Images.xcassets in Resources */,
				3CE1F18E18D63E2D00DE7B86 /* InfoPlist.strings in Resources */,
				3CE1F19718D63E2D00DE7B86 /* Main.storyboard in Resources */,
			);
			runOnlyForDeploymentPostprocessing = 0;
		};
		3CE1F19F18D63E2D00DE7B86 /* Resources */ = {
			isa = PBXResourcesBuildPhase;
			buildActionMask = 2147483647;
			files = (
				3CE1F1AD18D63E2D00DE7B86 /* InfoPlist.strings in Resources */,
			);
			runOnlyForDeploymentPostprocessing = 0;
		};
/* End PBXResourcesBuildPhase section */

/* Begin PBXSourcesBuildPhase section */
		3CE1F17C18D63E2D00DE7B86 /* Sources */ = {
			isa = PBXSourcesBuildPhase;
			buildActionMask = 2147483647;
			files = (
				3CF0A21D18E5F3E600C633EE /* TextEditorViewController.m in Sources */,
				3CE1F1D018D6402700DE7B86 /* LoginViewController.m in Sources */,
				52E4FF4F18F475E300A45F57 /* free_code.js in Sources */,
				52A7594619007AB400784169 /* CYRToken.m in Sources */,
				3CE1F19A18D63E2D00DE7B86 /* ViewController.m in Sources */,
				3C07633F1902DA1D0077773E /* DownloadAssistant.m in Sources */,
				3CE1F1D418D65BED00DE7B86 /* SettingsTableViewController.m in Sources */,
				3CBEA47318E88E8E00D78DA0 /* LineNumberTextView.m in Sources */,
				52A7594519007AB400784169 /* CYRTextView.m in Sources */,
				52A7594419007AB400784169 /* CYRTextStorage.m in Sources */,
				52A7594319007AB400784169 /* CYRLayoutManager.m in Sources */,
				3CF0A22018E611D600C633EE /* QuizzesDataSource.m in Sources */,
				3C61DFD918E50AB700B99B2A /* LessonsDataSource.m in Sources */,
				3C0581C218D68BD5003D7C12 /* SupportTableViewController.m in Sources */,
				3C61DFDC18E519F900B99B2A /* SubLessonViewController.m in Sources */,
				52B4FBB118EA79F5000FD5B3 /* FreeTextViewController.m in Sources */,
				3CE1F19418D63E2D00DE7B86 /* AppDelegate.m in Sources */,
				3CBEA47618E88FB200D78DA0 /* LineNumberLayoutManager.m in Sources */,
				3CEF4EFF18E4A9E1006A1E8F /* StudentViewController.m in Sources */,
				3CE1F19018D63E2D00DE7B86 /* main.m in Sources */,
				3C07633C1902D3E70077773E /* Lesson.m in Sources */,
				3C8DCB6418D6A83400779B57 /* CurrentUser.m in Sources */,
				3C2D91F618E6716D00CB23F4 /* ResultsViewController.m in Sources */,
			);
			runOnlyForDeploymentPostprocessing = 0;
		};
		3CE1F19D18D63E2D00DE7B86 /* Sources */ = {
			isa = PBXSourcesBuildPhase;
			buildActionMask = 2147483647;
			files = (
				3CE1F1AF18D63E2D00DE7B86 /* CapstoneTests.m in Sources */,
			);
			runOnlyForDeploymentPostprocessing = 0;
		};
/* End PBXSourcesBuildPhase section */

/* Begin PBXTargetDependency section */
		3CE1F1A718D63E2D00DE7B86 /* PBXTargetDependency */ = {
			isa = PBXTargetDependency;
			target = 3CE1F17F18D63E2D00DE7B86 /* Capstone */;
			targetProxy = 3CE1F1A618D63E2D00DE7B86 /* PBXContainerItemProxy */;
		};
/* End PBXTargetDependency section */

/* Begin PBXVariantGroup section */
		3CE1F18C18D63E2D00DE7B86 /* InfoPlist.strings */ = {
			isa = PBXVariantGroup;
			children = (
				3CE1F18D18D63E2D00DE7B86 /* en */,
			);
			name = InfoPlist.strings;
			sourceTree = "<group>";
		};
		3CE1F19518D63E2D00DE7B86 /* Main.storyboard */ = {
			isa = PBXVariantGroup;
			children = (
				3CE1F19618D63E2D00DE7B86 /* Base */,
			);
			name = Main.storyboard;
			sourceTree = "<group>";
		};
		3CE1F1AB18D63E2D00DE7B86 /* InfoPlist.strings */ = {
			isa = PBXVariantGroup;
			children = (
				3CE1F1AC18D63E2D00DE7B86 /* en */,
			);
			name = InfoPlist.strings;
			sourceTree = "<group>";
		};
/* End PBXVariantGroup section */

/* Begin XCBuildConfiguration section */
		3CE1F1B018D63E2D00DE7B86 /* Debug */ = {
			isa = XCBuildConfiguration;
			buildSettings = {
				ALWAYS_SEARCH_USER_PATHS = NO;
				CLANG_CXX_LANGUAGE_STANDARD = "gnu++0x";
				CLANG_CXX_LIBRARY = "libc++";
				CLANG_ENABLE_MODULES = YES;
				CLANG_ENABLE_OBJC_ARC = YES;
				CLANG_WARN_BOOL_CONVERSION = YES;
				CLANG_WARN_CONSTANT_CONVERSION = YES;
				CLANG_WARN_DIRECT_OBJC_ISA_USAGE = YES_ERROR;
				CLANG_WARN_EMPTY_BODY = YES;
				CLANG_WARN_ENUM_CONVERSION = YES;
				CLANG_WARN_INT_CONVERSION = YES;
				CLANG_WARN_OBJC_ROOT_CLASS = YES_ERROR;
				CLANG_WARN__DUPLICATE_METHOD_MATCH = YES;
				"CODE_SIGN_IDENTITY[sdk=iphoneos*]" = "iPhone Developer";
				COPY_PHASE_STRIP = NO;
				GCC_C_LANGUAGE_STANDARD = gnu99;
				GCC_DYNAMIC_NO_PIC = NO;
				GCC_OPTIMIZATION_LEVEL = 0;
				GCC_PREPROCESSOR_DEFINITIONS = (
					"DEBUG=1",
					"$(inherited)",
				);
				GCC_SYMBOLS_PRIVATE_EXTERN = NO;
				GCC_WARN_64_TO_32_BIT_CONVERSION = YES;
				GCC_WARN_ABOUT_RETURN_TYPE = YES_ERROR;
				GCC_WARN_UNDECLARED_SELECTOR = YES;
				GCC_WARN_UNINITIALIZED_AUTOS = YES;
				GCC_WARN_UNUSED_FUNCTION = YES;
				GCC_WARN_UNUSED_VARIABLE = YES;
				IPHONEOS_DEPLOYMENT_TARGET = 7.0;
				ONLY_ACTIVE_ARCH = YES;
				SDKROOT = iphoneos;
				TARGETED_DEVICE_FAMILY = 2;
			};
			name = Debug;
		};
		3CE1F1B118D63E2D00DE7B86 /* Release */ = {
			isa = XCBuildConfiguration;
			buildSettings = {
				ALWAYS_SEARCH_USER_PATHS = NO;
				CLANG_CXX_LANGUAGE_STANDARD = "gnu++0x";
				CLANG_CXX_LIBRARY = "libc++";
				CLANG_ENABLE_MODULES = YES;
				CLANG_ENABLE_OBJC_ARC = YES;
				CLANG_WARN_BOOL_CONVERSION = YES;
				CLANG_WARN_CONSTANT_CONVERSION = YES;
				CLANG_WARN_DIRECT_OBJC_ISA_USAGE = YES_ERROR;
				CLANG_WARN_EMPTY_BODY = YES;
				CLANG_WARN_ENUM_CONVERSION = YES;
				CLANG_WARN_INT_CONVERSION = YES;
				CLANG_WARN_OBJC_ROOT_CLASS = YES_ERROR;
				CLANG_WARN__DUPLICATE_METHOD_MATCH = YES;
				"CODE_SIGN_IDENTITY[sdk=iphoneos*]" = "iPhone Developer";
				COPY_PHASE_STRIP = YES;
				ENABLE_NS_ASSERTIONS = NO;
				GCC_C_LANGUAGE_STANDARD = gnu99;
				GCC_WARN_64_TO_32_BIT_CONVERSION = YES;
				GCC_WARN_ABOUT_RETURN_TYPE = YES_ERROR;
				GCC_WARN_UNDECLARED_SELECTOR = YES;
				GCC_WARN_UNINITIALIZED_AUTOS = YES;
				GCC_WARN_UNUSED_FUNCTION = YES;
				GCC_WARN_UNUSED_VARIABLE = YES;
				IPHONEOS_DEPLOYMENT_TARGET = 7.0;
				SDKROOT = iphoneos;
				TARGETED_DEVICE_FAMILY = 2;
				VALIDATE_PRODUCT = YES;
			};
			name = Release;
		};
		3CE1F1B318D63E2D00DE7B86 /* Debug */ = {
			isa = XCBuildConfiguration;
			buildSettings = {
				ASSETCATALOG_COMPILER_APPICON_NAME = AppIcon;
				ASSETCATALOG_COMPILER_LAUNCHIMAGE_NAME = LaunchImage;
				FRAMEWORK_SEARCH_PATHS = (
					"$(inherited)",
					/Users/BlueOwl/Capstone,
					"$(PROJECT_DIR)",
				);
				GCC_PRECOMPILE_PREFIX_HEADER = YES;
				GCC_PREFIX_HEADER = "Capstone/Capstone-Prefix.pch";
				INFOPLIST_FILE = "Capstone/Capstone-Info.plist";
				PRODUCT_NAME = "$(TARGET_NAME)";
				WRAPPER_EXTENSION = app;
			};
			name = Debug;
		};
		3CE1F1B418D63E2D00DE7B86 /* Release */ = {
			isa = XCBuildConfiguration;
			buildSettings = {
				ASSETCATALOG_COMPILER_APPICON_NAME = AppIcon;
				ASSETCATALOG_COMPILER_LAUNCHIMAGE_NAME = LaunchImage;
				FRAMEWORK_SEARCH_PATHS = (
					"$(inherited)",
					/Users/BlueOwl/Capstone,
					"$(PROJECT_DIR)",
				);
				GCC_PRECOMPILE_PREFIX_HEADER = YES;
				GCC_PREFIX_HEADER = "Capstone/Capstone-Prefix.pch";
				INFOPLIST_FILE = "Capstone/Capstone-Info.plist";
				PRODUCT_NAME = "$(TARGET_NAME)";
				WRAPPER_EXTENSION = app;
			};
			name = Release;
		};
		3CE1F1B618D63E2D00DE7B86 /* Debug */ = {
			isa = XCBuildConfiguration;
			buildSettings = {
				BUNDLE_LOADER = "$(BUILT_PRODUCTS_DIR)/Capstone.app/Capstone";
				FRAMEWORK_SEARCH_PATHS = (
					"$(SDKROOT)/Developer/Library/Frameworks",
					"$(inherited)",
					"$(DEVELOPER_FRAMEWORKS_DIR)",
				);
				GCC_PRECOMPILE_PREFIX_HEADER = YES;
				GCC_PREFIX_HEADER = "Capstone/Capstone-Prefix.pch";
				GCC_PREPROCESSOR_DEFINITIONS = (
					"DEBUG=1",
					"$(inherited)",
				);
				INFOPLIST_FILE = "CapstoneTests/CapstoneTests-Info.plist";
				PRODUCT_NAME = "$(TARGET_NAME)";
				TEST_HOST = "$(BUNDLE_LOADER)";
				WRAPPER_EXTENSION = xctest;
			};
			name = Debug;
		};
		3CE1F1B718D63E2D00DE7B86 /* Release */ = {
			isa = XCBuildConfiguration;
			buildSettings = {
				BUNDLE_LOADER = "$(BUILT_PRODUCTS_DIR)/Capstone.app/Capstone";
				FRAMEWORK_SEARCH_PATHS = (
					"$(SDKROOT)/Developer/Library/Frameworks",
					"$(inherited)",
					"$(DEVELOPER_FRAMEWORKS_DIR)",
				);
				GCC_PRECOMPILE_PREFIX_HEADER = YES;
				GCC_PREFIX_HEADER = "Capstone/Capstone-Prefix.pch";
				INFOPLIST_FILE = "CapstoneTests/CapstoneTests-Info.plist";
				PRODUCT_NAME = "$(TARGET_NAME)";
				TEST_HOST = "$(BUNDLE_LOADER)";
				WRAPPER_EXTENSION = xctest;
			};
			name = Release;
		};
/* End XCBuildConfiguration section */

/* Begin XCConfigurationList section */
		3CE1F17B18D63E2D00DE7B86 /* Build configuration list for PBXProject "Capstone" */ = {
			isa = XCConfigurationList;
			buildConfigurations = (
				3CE1F1B018D63E2D00DE7B86 /* Debug */,
				3CE1F1B118D63E2D00DE7B86 /* Release */,
			);
			defaultConfigurationIsVisible = 0;
			defaultConfigurationName = Release;
		};
		3CE1F1B218D63E2D00DE7B86 /* Build configuration list for PBXNativeTarget "Capstone" */ = {
			isa = XCConfigurationList;
			buildConfigurations = (
				3CE1F1B318D63E2D00DE7B86 /* Debug */,
				3CE1F1B418D63E2D00DE7B86 /* Release */,
			);
			defaultConfigurationIsVisible = 0;
			defaultConfigurationName = Release;
		};
		3CE1F1B518D63E2D00DE7B86 /* Build configuration list for PBXNativeTarget "CapstoneTests" */ = {
			isa = XCConfigurationList;
			buildConfigurations = (
				3CE1F1B618D63E2D00DE7B86 /* Debug */,
				3CE1F1B718D63E2D00DE7B86 /* Release */,
			);
			defaultConfigurationIsVisible = 0;
			defaultConfigurationName = Release;
		};
/* End XCConfigurationList section */
	};
	rootObject = 3CE1F17818D63E2D00DE7B86 /* Project object */;
}
